{
  "version": "5",
  "specifiers": {
    "jsr:@deno/kv-utils@~0.1.4": "0.1.4",
    "jsr:@esroyo/deno-simple-fetch@0.1.3": "0.1.3",
    "jsr:@esroyo/generic-pool@3.10.4": "3.10.4",
    "jsr:@esroyo/otel-batch-traced-span-processor@2.0.0": "2.0.0",
    "jsr:@esroyo/otel-server-timing-span-exporter@3.0.0": "3.0.0",
    "jsr:@esroyo/web-cache-api-persistence@0.3.1": "0.3.1",
    "jsr:@jabr/xxhash64@2.0.0": "2.0.0",
    "jsr:@kitsonk/kv-toolbox@0.30.0": "0.30.0",
    "jsr:@std/assert@1": "1.0.6",
    "jsr:@std/assert@1.0.6": "1.0.6",
    "jsr:@std/assert@^1.0.6": "1.0.6",
    "jsr:@std/async@1": "1.0.14",
    "jsr:@std/async@^1.0.5": "1.0.14",
    "jsr:@std/bytes@1": "1.0.6",
    "jsr:@std/bytes@^1.0.2-rc.3": "1.0.6",
    "jsr:@std/cache@0.1.3": "0.1.3",
    "jsr:@std/cli@^1.0.6": "1.0.21",
    "jsr:@std/crypto@1": "1.0.5",
    "jsr:@std/data-structures@^1.0.4": "1.0.9",
    "jsr:@std/dotenv@0.225.2": "0.225.2",
    "jsr:@std/encoding@1": "1.0.10",
    "jsr:@std/encoding@^1.0.5": "1.0.10",
    "jsr:@std/fmt@^1.0.2": "1.0.8",
    "jsr:@std/fs@^1.0.4": "1.0.19",
    "jsr:@std/http@1.0.7": "1.0.7",
    "jsr:@std/internal@^1.0.10": "1.0.10",
    "jsr:@std/internal@^1.0.4": "1.0.10",
    "jsr:@std/io@0.224.5": "0.224.5",
    "jsr:@std/media-types@1": "1.1.0",
    "jsr:@std/media-types@^1.0.3": "1.1.0",
    "jsr:@std/net@^1.0.4": "1.0.5",
    "jsr:@std/path@1.0.6": "1.0.6",
    "jsr:@std/path@^1.0.4": "1.0.6",
    "jsr:@std/path@^1.0.6": "1.0.6",
    "jsr:@std/path@^1.1.1": "1.1.2",
    "jsr:@std/streams@^1.0.6": "1.0.11",
    "jsr:@std/testing@1.0.3": "1.0.3",
    "jsr:@std/ulid@1.0.0": "1.0.0",
    "jsr:@std/url@0.225.1": "0.225.1",
    "npm:@opentelemetry/api@1.8.0": "1.8.0",
    "npm:@opentelemetry/api@1.9.0": "1.9.0",
    "npm:@opentelemetry/context-async-hooks@1.30.1": "1.30.1_@opentelemetry+api@1.9.0",
    "npm:@opentelemetry/core@1.30.1": "1.30.1_@opentelemetry+api@1.9.0",
    "npm:@opentelemetry/exporter-metrics-otlp-http@0.57.2": "0.57.2_@opentelemetry+api@1.9.0",
    "npm:@opentelemetry/exporter-trace-otlp-http@0.57.2": "0.57.2_@opentelemetry+api@1.9.0",
    "npm:@opentelemetry/resources@1.30.1": "1.30.1_@opentelemetry+api@1.9.0",
    "npm:@opentelemetry/sdk-metrics@1.30.1": "1.30.1_@opentelemetry+api@1.9.0",
    "npm:@opentelemetry/sdk-trace-base@1.30.1": "1.30.1_@opentelemetry+api@1.9.0",
    "npm:@opentelemetry/semantic-conventions@1.30.0": "1.30.0",
    "npm:@types/msgpack-lite@0.1.11": "0.1.11",
    "npm:@types/node@*": "24.2.0",
    "npm:esm-compat@0.2.2": "0.2.2",
    "npm:generic-pool@3.9.0": "3.9.0",
    "npm:msgpack-lite@0.1.26": "0.1.26",
    "npm:rollup@3.29.5": "3.29.5",
    "npm:rollup@4.39.0": "4.39.0",
    "npm:sorted-array-functions@1.3.0": "1.3.0"
  },
  "jsr": {
    "@deno/kv-utils@0.1.4": {
      "integrity": "119a768c8a9b1af76552b48e78457cd2fb38cc97c10b3a57cf65efe47ff9ca1a",
      "dependencies": [
        "jsr:@std/encoding@^1.0.5"
      ]
    },
    "@esroyo/deno-simple-fetch@0.1.3": {
      "integrity": "a72d46eb4104b9ea7505c1c284e7664af9d37656a2e02b5962095b006df26922",
      "dependencies": [
        "jsr:@esroyo/generic-pool"
      ]
    },
    "@esroyo/generic-pool@3.10.4": {
      "integrity": "57702cbf0b4098d278c945de5630699c20f5e49f8aab4337c9df68f4226cb83e"
    },
    "@esroyo/otel-batch-traced-span-processor@2.0.0": {
      "integrity": "6a7aeafce903871f9535e9b26fcc4679c5e39c01c9fc9c6fc87aeca109643c3b",
      "dependencies": [
        "npm:@opentelemetry/api@1.9.0",
        "npm:@opentelemetry/sdk-trace-base"
      ]
    },
    "@esroyo/otel-server-timing-span-exporter@3.0.0": {
      "integrity": "bf19d41aff7fbfb89e2bf79fab398808bb13644ba0bb21266b2b0cac867b5706",
      "dependencies": [
        "npm:@opentelemetry/api@1.9.0",
        "npm:@opentelemetry/core",
        "npm:@opentelemetry/sdk-trace-base"
      ]
    },
    "@esroyo/web-cache-api-persistence@0.3.1": {
      "integrity": "041f6fc9c392c10e121b36fbff7d11aa6fe79c6f926cdd8faa6d2a83d964848c",
      "dependencies": [
        "jsr:@jabr/xxhash64",
        "jsr:@kitsonk/kv-toolbox",
        "jsr:@std/async@1",
        "jsr:@std/bytes@1",
        "jsr:@std/io",
        "jsr:@std/ulid",
        "npm:@opentelemetry/api@1.8.0",
        "npm:@types/msgpack-lite",
        "npm:generic-pool",
        "npm:msgpack-lite",
        "npm:sorted-array-functions"
      ]
    },
    "@jabr/xxhash64@2.0.0": {
      "integrity": "a109e902abb6787816112ac71fd9145d39f8fccb45f96d1707c82197bd8fbfbd"
    },
    "@kitsonk/kv-toolbox@0.30.0": {
      "integrity": "708199acea43cb5a7f57580658c693a8eb2d70ad4e5b1b3074749df5595b0647",
      "dependencies": [
        "jsr:@deno/kv-utils",
        "jsr:@std/assert@1",
        "jsr:@std/bytes@1",
        "jsr:@std/crypto",
        "jsr:@std/encoding@1",
        "jsr:@std/media-types@1"
      ]
    },
    "@std/assert@1.0.6": {
      "integrity": "1904c05806a25d94fe791d6d883b685c9e2dcd60e4f9fc30f4fc5cf010c72207",
      "dependencies": [
        "jsr:@std/internal@^1.0.4"
      ]
    },
    "@std/async@1.0.14": {
      "integrity": "62e954a418652c704d37563a3e54a37d4cf0268a9dcaeac1660cc652880b5326"
    },
    "@std/bytes@1.0.6": {
      "integrity": "f6ac6adbd8ccd99314045f5703e23af0a68d7f7e58364b47d2c7f408aeb5820a"
    },
    "@std/cache@0.1.3": {
      "integrity": "8d3ab61d994d0915295048999f34a8ce2280f0e4d1f4cccb08c9e3d297c0c6ec"
    },
    "@std/cli@1.0.21": {
      "integrity": "cd25b050bdf6282e321854e3822bee624f07aca7636a3a76d95f77a3a919ca2a"
    },
    "@std/crypto@1.0.5": {
      "integrity": "0dcfbb319fe0bba1bd3af904ceb4f948cde1b92979ec1614528380ed308a3b40"
    },
    "@std/data-structures@1.0.9": {
      "integrity": "033d6e17e64bf1f84a614e647c1b015fa2576ae3312305821e1a4cb20674bb4d"
    },
    "@std/dotenv@0.225.2": {
      "integrity": "e2025dce4de6c7bca21dece8baddd4262b09d5187217e231b033e088e0c4dd23"
    },
    "@std/encoding@1.0.10": {
      "integrity": "8783c6384a2d13abd5e9e87a7ae0520a30e9f56aeeaa3bdf910a3eaaf5c811a1"
    },
    "@std/fmt@1.0.8": {
      "integrity": "71e1fc498787e4434d213647a6e43e794af4fd393ef8f52062246e06f7e372b7"
    },
    "@std/fs@1.0.19": {
      "integrity": "051968c2b1eae4d2ea9f79a08a3845740ef6af10356aff43d3e2ef11ed09fb06",
      "dependencies": [
        "jsr:@std/path@^1.1.1"
      ]
    },
    "@std/http@1.0.7": {
      "integrity": "9b904fc256678a5c9759f1a53a24a3fdcc59d83dc62099bb472683b6f819194c",
      "dependencies": [
        "jsr:@std/cli",
        "jsr:@std/encoding@^1.0.5",
        "jsr:@std/fmt",
        "jsr:@std/media-types@^1.0.3",
        "jsr:@std/net",
        "jsr:@std/path@^1.0.6",
        "jsr:@std/streams"
      ]
    },
    "@std/internal@1.0.10": {
      "integrity": "e3be62ce42cab0e177c27698e5d9800122f67b766a0bea6ca4867886cbde8cf7"
    },
    "@std/io@0.224.5": {
      "integrity": "cb84fe655d1273fca94efcff411465027a8b0b4225203f19d6ee98d9c8920a2d",
      "dependencies": [
        "jsr:@std/bytes@^1.0.2-rc.3"
      ]
    },
    "@std/media-types@1.1.0": {
      "integrity": "c9d093f0c05c3512932b330e3cc1fe1d627b301db33a4c2c2185c02471d6eaa4"
    },
    "@std/net@1.0.5": {
      "integrity": "b759d8c5e17d997e164af6379d57764668c6714f30109685eec0fd5e194d501a"
    },
    "@std/path@1.0.6": {
      "integrity": "ab2c55f902b380cf28e0eec501b4906e4c1960d13f00e11cfbcd21de15f18fed"
    },
    "@std/path@1.1.2": {
      "integrity": "c0b13b97dfe06546d5e16bf3966b1cadf92e1cc83e56ba5476ad8b498d9e3038",
      "dependencies": [
        "jsr:@std/internal@^1.0.10"
      ]
    },
    "@std/streams@1.0.11": {
      "integrity": "db583d27e28d133f389f1eec318cffdf4998305e5134c1d4b1c56b361cee6018"
    },
    "@std/testing@1.0.3": {
      "integrity": "f98c2bee53860a5916727d7e7d3abe920dd6f9edace022e2d059f00d05c2cf42",
      "dependencies": [
        "jsr:@std/assert@^1.0.6",
        "jsr:@std/async@^1.0.5",
        "jsr:@std/data-structures",
        "jsr:@std/fs",
        "jsr:@std/internal@^1.0.4",
        "jsr:@std/path@^1.0.6"
      ]
    },
    "@std/ulid@1.0.0": {
      "integrity": "d41c3d27a907714413649fee864b7cde8d42ee68437d22b79d5de4f81d808780"
    },
    "@std/url@0.225.1": {
      "integrity": "7961f62f0a3cd2c7aa5b785822874132760b50bbf5ed0ccfded8668f203e7a95",
      "dependencies": [
        "jsr:@std/path@^1.0.4"
      ]
    }
  },
  "npm": {
    "@opentelemetry/api-logs@0.57.2": {
      "integrity": "sha512-uIX52NnTM0iBh84MShlpouI7UKqkZ7MrUszTmaypHBu4r7NofznSnQRfJ+uUeDtQDj6w8eFGg5KBLDAwAPz1+A==",
      "dependencies": [
        "@opentelemetry/api@1.9.0"
      ]
    },
    "@opentelemetry/api@1.8.0": {
      "integrity": "sha512-I/s6F7yKUDdtMsoBWXJe8Qz40Tui5vsuKCWJEWVL+5q9sSWRzzx6v2KeNsOBEwd94j0eWkpWCH4yB6rZg9Mf0w=="
    },
    "@opentelemetry/api@1.9.0": {
      "integrity": "sha512-3giAOQvZiH5F9bMlMiv8+GSPMeqg0dbaeo58/0SlA9sxSqZhnUtxzX9/2FzyhS9sWQf5S0GJE0AKBrFqjpeYcg=="
    },
    "@opentelemetry/context-async-hooks@1.30.1_@opentelemetry+api@1.9.0": {
      "integrity": "sha512-s5vvxXPVdjqS3kTLKMeBMvop9hbWkwzBpu+mUO2M7sZtlkyDJGwFe33wRKnbaYDo8ExRVBIIdwIGrqpxHuKttA==",
      "dependencies": [
        "@opentelemetry/api@1.9.0"
      ]
    },
    "@opentelemetry/core@1.30.1_@opentelemetry+api@1.9.0": {
      "integrity": "sha512-OOCM2C/QIURhJMuKaekP3TRBxBKxG/TWWA0TL2J6nXUtDnuCtccy49LUJF8xPFXMX+0LMcxFpCo8M9cGY1W6rQ==",
      "dependencies": [
        "@opentelemetry/api@1.9.0",
        "@opentelemetry/semantic-conventions@1.28.0"
      ]
    },
    "@opentelemetry/exporter-metrics-otlp-http@0.57.2_@opentelemetry+api@1.9.0": {
      "integrity": "sha512-ttb9+4iKw04IMubjm3t0EZsYRNWr3kg44uUuzfo9CaccYlOh8cDooe4QObDUkvx9d5qQUrbEckhrWKfJnKhemA==",
      "dependencies": [
        "@opentelemetry/api@1.9.0",
        "@opentelemetry/core",
        "@opentelemetry/otlp-exporter-base",
        "@opentelemetry/otlp-transformer",
        "@opentelemetry/resources",
        "@opentelemetry/sdk-metrics"
      ]
    },
    "@opentelemetry/exporter-trace-otlp-http@0.57.2_@opentelemetry+api@1.9.0": {
      "integrity": "sha512-sB/gkSYFu+0w2dVQ0PWY9fAMl172PKMZ/JrHkkW8dmjCL0CYkmXeE+ssqIL/yBUTPOvpLIpenX5T9RwXRBW/3g==",
      "dependencies": [
        "@opentelemetry/api@1.9.0",
        "@opentelemetry/core",
        "@opentelemetry/otlp-exporter-base",
        "@opentelemetry/otlp-transformer",
        "@opentelemetry/resources",
        "@opentelemetry/sdk-trace-base"
      ]
    },
    "@opentelemetry/otlp-exporter-base@0.57.2_@opentelemetry+api@1.9.0": {
      "integrity": "sha512-XdxEzL23Urhidyebg5E6jZoaiW5ygP/mRjxLHixogbqwDy2Faduzb5N0o/Oi+XTIJu+iyxXdVORjXax+Qgfxag==",
      "dependencies": [
        "@opentelemetry/api@1.9.0",
        "@opentelemetry/core",
        "@opentelemetry/otlp-transformer"
      ]
    },
    "@opentelemetry/otlp-transformer@0.57.2_@opentelemetry+api@1.9.0": {
      "integrity": "sha512-48IIRj49gbQVK52jYsw70+Jv+JbahT8BqT2Th7C4H7RCM9d0gZ5sgNPoMpWldmfjvIsSgiGJtjfk9MeZvjhoig==",
      "dependencies": [
        "@opentelemetry/api@1.9.0",
        "@opentelemetry/api-logs",
        "@opentelemetry/core",
        "@opentelemetry/resources",
        "@opentelemetry/sdk-logs",
        "@opentelemetry/sdk-metrics",
        "@opentelemetry/sdk-trace-base",
        "protobufjs"
      ]
    },
    "@opentelemetry/resources@1.30.1_@opentelemetry+api@1.9.0": {
      "integrity": "sha512-5UxZqiAgLYGFjS4s9qm5mBVo433u+dSPUFWVWXmLAD4wB65oMCoXaJP1KJa9DIYYMeHu3z4BZcStG3LC593cWA==",
      "dependencies": [
        "@opentelemetry/api@1.9.0",
        "@opentelemetry/core",
        "@opentelemetry/semantic-conventions@1.28.0"
      ]
    },
    "@opentelemetry/sdk-logs@0.57.2_@opentelemetry+api@1.9.0": {
      "integrity": "sha512-TXFHJ5c+BKggWbdEQ/inpgIzEmS2BGQowLE9UhsMd7YYlUfBQJ4uax0VF/B5NYigdM/75OoJGhAV3upEhK+3gg==",
      "dependencies": [
        "@opentelemetry/api@1.9.0",
        "@opentelemetry/api-logs",
        "@opentelemetry/core",
        "@opentelemetry/resources"
      ]
    },
    "@opentelemetry/sdk-metrics@1.30.1_@opentelemetry+api@1.9.0": {
      "integrity": "sha512-q9zcZ0Okl8jRgmy7eNW3Ku1XSgg3sDLa5evHZpCwjspw7E8Is4K/haRPDJrBcX3YSn/Y7gUvFnByNYEKQNbNog==",
      "dependencies": [
        "@opentelemetry/api@1.9.0",
        "@opentelemetry/core",
        "@opentelemetry/resources"
      ]
    },
    "@opentelemetry/sdk-trace-base@1.30.1_@opentelemetry+api@1.9.0": {
      "integrity": "sha512-jVPgBbH1gCy2Lb7X0AVQ8XAfgg0pJ4nvl8/IiQA6nxOsPvS+0zMJaFSs2ltXe0J6C8dqjcnpyqINDJmU30+uOg==",
      "dependencies": [
        "@opentelemetry/api@1.9.0",
        "@opentelemetry/core",
        "@opentelemetry/resources",
        "@opentelemetry/semantic-conventions@1.28.0"
      ]
    },
    "@opentelemetry/semantic-conventions@1.28.0": {
      "integrity": "sha512-lp4qAiMTD4sNWW4DbKLBkfiMZ4jbAboJIGOQr5DvciMRI494OapieI9qiODpOt0XBr1LjIDy1xAGAnVs5supTA=="
    },
    "@opentelemetry/semantic-conventions@1.30.0": {
      "integrity": "sha512-4VlGgo32k2EQ2wcCY3vEU28A0O13aOtHz3Xt2/2U5FAh9EfhD6t6DqL5Z6yAnRCntbTFDU4YfbpyzSlHNWycPw=="
    },
    "@protobufjs/aspromise@1.1.2": {
      "integrity": "sha512-j+gKExEuLmKwvz3OgROXtrJ2UG2x8Ch2YZUxahh+s1F2HZ+wAceUNLkvy6zKCPVRkU++ZWQrdxsUeQXmcg4uoQ=="
    },
    "@protobufjs/base64@1.1.2": {
      "integrity": "sha512-AZkcAA5vnN/v4PDqKyMR5lx7hZttPDgClv83E//FMNhR2TMcLUhfRUBHCmSl0oi9zMgDDqRUJkSxO3wm85+XLg=="
    },
    "@protobufjs/codegen@2.0.4": {
      "integrity": "sha512-YyFaikqM5sH0ziFZCN3xDC7zeGaB/d0IUb9CATugHWbd1FRFwWwt4ld4OYMPWu5a3Xe01mGAULCdqhMlPl29Jg=="
    },
    "@protobufjs/eventemitter@1.1.0": {
      "integrity": "sha512-j9ednRT81vYJ9OfVuXG6ERSTdEL1xVsNgqpkxMsbIabzSo3goCjDIveeGv5d03om39ML71RdmrGNjG5SReBP/Q=="
    },
    "@protobufjs/fetch@1.1.0": {
      "integrity": "sha512-lljVXpqXebpsijW71PZaCYeIcE5on1w5DlQy5WH6GLbFryLUrBD4932W/E2BSpfRJWseIL4v/KPgBFxDOIdKpQ==",
      "dependencies": [
        "@protobufjs/aspromise",
        "@protobufjs/inquire"
      ]
    },
    "@protobufjs/float@1.0.2": {
      "integrity": "sha512-Ddb+kVXlXst9d+R9PfTIxh1EdNkgoRe5tOX6t01f1lYWOvJnSPDBlG241QLzcyPdoNTsblLUdujGSE4RzrTZGQ=="
    },
    "@protobufjs/inquire@1.1.0": {
      "integrity": "sha512-kdSefcPdruJiFMVSbn801t4vFK7KB/5gd2fYvrxhuJYg8ILrmn9SKSX2tZdV6V+ksulWqS7aXjBcRXl3wHoD9Q=="
    },
    "@protobufjs/path@1.1.2": {
      "integrity": "sha512-6JOcJ5Tm08dOHAbdR3GrvP+yUUfkjG5ePsHYczMFLq3ZmMkAD98cDgcT2iA1lJ9NVwFd4tH/iSSoe44YWkltEA=="
    },
    "@protobufjs/pool@1.1.0": {
      "integrity": "sha512-0kELaGSIDBKvcgS4zkjz1PeddatrjYcmMWOlAuAPwAeccUrPHdUqo/J6LiymHHEiJT5NrF1UVwxY14f+fy4WQw=="
    },
    "@protobufjs/utf8@1.1.0": {
      "integrity": "sha512-Vvn3zZrhQZkkBE8LSuW3em98c0FwgO4nxzv6OdSxPKJIEKY2bGbHn+mhGIPerzI4twdxaP8/0+06HBpwf345Lw=="
    },
    "@rollup/rollup-android-arm-eabi@4.39.0": {
      "integrity": "sha512-lGVys55Qb00Wvh8DMAocp5kIcaNzEFTmGhfFd88LfaogYTRKrdxgtlO5H6S49v2Nd8R2C6wLOal0qv6/kCkOwA==",
      "os": ["android"],
      "cpu": ["arm"]
    },
    "@rollup/rollup-android-arm64@4.39.0": {
      "integrity": "sha512-It9+M1zE31KWfqh/0cJLrrsCPiF72PoJjIChLX+rEcujVRCb4NLQ5QzFkzIZW8Kn8FTbvGQBY5TkKBau3S8cCQ==",
      "os": ["android"],
      "cpu": ["arm64"]
    },
    "@rollup/rollup-darwin-arm64@4.39.0": {
      "integrity": "sha512-lXQnhpFDOKDXiGxsU9/l8UEGGM65comrQuZ+lDcGUx+9YQ9dKpF3rSEGepyeR5AHZ0b5RgiligsBhWZfSSQh8Q==",
      "os": ["darwin"],
      "cpu": ["arm64"]
    },
    "@rollup/rollup-darwin-x64@4.39.0": {
      "integrity": "sha512-mKXpNZLvtEbgu6WCkNij7CGycdw9cJi2k9v0noMb++Vab12GZjFgUXD69ilAbBh034Zwn95c2PNSz9xM7KYEAQ==",
      "os": ["darwin"],
      "cpu": ["x64"]
    },
    "@rollup/rollup-freebsd-arm64@4.39.0": {
      "integrity": "sha512-jivRRlh2Lod/KvDZx2zUR+I4iBfHcu2V/BA2vasUtdtTN2Uk3jfcZczLa81ESHZHPHy4ih3T/W5rPFZ/hX7RtQ==",
      "os": ["freebsd"],
      "cpu": ["arm64"]
    },
    "@rollup/rollup-freebsd-x64@4.39.0": {
      "integrity": "sha512-8RXIWvYIRK9nO+bhVz8DwLBepcptw633gv/QT4015CpJ0Ht8punmoHU/DuEd3iw9Hr8UwUV+t+VNNuZIWYeY7Q==",
      "os": ["freebsd"],
      "cpu": ["x64"]
    },
    "@rollup/rollup-linux-arm-gnueabihf@4.39.0": {
      "integrity": "sha512-mz5POx5Zu58f2xAG5RaRRhp3IZDK7zXGk5sdEDj4o96HeaXhlUwmLFzNlc4hCQi5sGdR12VDgEUqVSHer0lI9g==",
      "os": ["linux"],
      "cpu": ["arm"]
    },
    "@rollup/rollup-linux-arm-musleabihf@4.39.0": {
      "integrity": "sha512-+YDwhM6gUAyakl0CD+bMFpdmwIoRDzZYaTWV3SDRBGkMU/VpIBYXXEvkEcTagw/7VVkL2vA29zU4UVy1mP0/Yw==",
      "os": ["linux"],
      "cpu": ["arm"]
    },
    "@rollup/rollup-linux-arm64-gnu@4.39.0": {
      "integrity": "sha512-EKf7iF7aK36eEChvlgxGnk7pdJfzfQbNvGV/+l98iiMwU23MwvmV0Ty3pJ0p5WQfm3JRHOytSIqD9LB7Bq7xdQ==",
      "os": ["linux"],
      "cpu": ["arm64"]
    },
    "@rollup/rollup-linux-arm64-musl@4.39.0": {
      "integrity": "sha512-vYanR6MtqC7Z2SNr8gzVnzUul09Wi1kZqJaek3KcIlI/wq5Xtq4ZPIZ0Mr/st/sv/NnaPwy/D4yXg5x0B3aUUA==",
      "os": ["linux"],
      "cpu": ["arm64"]
    },
    "@rollup/rollup-linux-loongarch64-gnu@4.39.0": {
      "integrity": "sha512-NMRUT40+h0FBa5fb+cpxtZoGAggRem16ocVKIv5gDB5uLDgBIwrIsXlGqYbLwW8YyO3WVTk1FkFDjMETYlDqiw==",
      "os": ["linux"],
      "cpu": ["loong64"]
    },
    "@rollup/rollup-linux-powerpc64le-gnu@4.39.0": {
      "integrity": "sha512-0pCNnmxgduJ3YRt+D+kJ6Ai/r+TaePu9ZLENl+ZDV/CdVczXl95CbIiwwswu4L+K7uOIGf6tMo2vm8uadRaICQ==",
      "os": ["linux"],
      "cpu": ["ppc64"]
    },
    "@rollup/rollup-linux-riscv64-gnu@4.39.0": {
      "integrity": "sha512-t7j5Zhr7S4bBtksT73bO6c3Qa2AV/HqiGlj9+KB3gNF5upcVkx+HLgxTm8DK4OkzsOYqbdqbLKwvGMhylJCPhQ==",
      "os": ["linux"],
      "cpu": ["riscv64"]
    },
    "@rollup/rollup-linux-riscv64-musl@4.39.0": {
      "integrity": "sha512-m6cwI86IvQ7M93MQ2RF5SP8tUjD39Y7rjb1qjHgYh28uAPVU8+k/xYWvxRO3/tBN2pZkSMa5RjnPuUIbrwVxeA==",
      "os": ["linux"],
      "cpu": ["riscv64"]
    },
    "@rollup/rollup-linux-s390x-gnu@4.39.0": {
      "integrity": "sha512-iRDJd2ebMunnk2rsSBYlsptCyuINvxUfGwOUldjv5M4tpa93K8tFMeYGpNk2+Nxl+OBJnBzy2/JCscGeO507kA==",
      "os": ["linux"],
      "cpu": ["s390x"]
    },
    "@rollup/rollup-linux-x64-gnu@4.39.0": {
      "integrity": "sha512-t9jqYw27R6Lx0XKfEFe5vUeEJ5pF3SGIM6gTfONSMb7DuG6z6wfj2yjcoZxHg129veTqU7+wOhY6GX8wmf90dA==",
      "os": ["linux"],
      "cpu": ["x64"]
    },
    "@rollup/rollup-linux-x64-musl@4.39.0": {
      "integrity": "sha512-ThFdkrFDP55AIsIZDKSBWEt/JcWlCzydbZHinZ0F/r1h83qbGeenCt/G/wG2O0reuENDD2tawfAj2s8VK7Bugg==",
      "os": ["linux"],
      "cpu": ["x64"]
    },
    "@rollup/rollup-win32-arm64-msvc@4.39.0": {
      "integrity": "sha512-jDrLm6yUtbOg2TYB3sBF3acUnAwsIksEYjLeHL+TJv9jg+TmTwdyjnDex27jqEMakNKf3RwwPahDIt7QXCSqRQ==",
      "os": ["win32"],
      "cpu": ["arm64"]
    },
    "@rollup/rollup-win32-ia32-msvc@4.39.0": {
      "integrity": "sha512-6w9uMuza+LbLCVoNKL5FSLE7yvYkq9laSd09bwS0tMjkwXrmib/4KmoJcrKhLWHvw19mwU+33ndC69T7weNNjQ==",
      "os": ["win32"],
      "cpu": ["ia32"]
    },
    "@rollup/rollup-win32-x64-msvc@4.39.0": {
      "integrity": "sha512-yAkUOkIKZlK5dl7u6dg897doBgLXmUHhIINM2c+sND3DZwnrdQkkSiDh7N75Ll4mM4dxSkYfXqU9fW3lLkMFug==",
      "os": ["win32"],
      "cpu": ["x64"]
    },
    "@types/estree@1.0.7": {
      "integrity": "sha512-w28IoSUCJpidD/TGviZwwMJckNESJZXFu7NBZ5YJ4mEUnNraUn9Pm8HSZm/jDF1pDWYKspWE7oVphigUPRakIQ=="
    },
    "@types/msgpack-lite@0.1.11": {
      "integrity": "sha512-cdCZS/gw+jIN22I4SUZUFf1ZZfVv5JM1//Br/MuZcI373sxiy3eSSoiyLu0oz+BPatTbGGGBO5jrcvd0siCdTQ==",
      "dependencies": [
        "@types/node@24.2.0"
      ]
    },
    "@types/node@24.2.0": {
      "integrity": "sha512-3xyG3pMCq3oYCNg7/ZP+E1ooTaGB4cG8JWRsqqOYQdbWNY4zbaV0Ennrd7stjiJEFZCaybcIgpTjJWHRfBSIDw==",
      "dependencies": [
        "undici-types"
      ]
    },
    "@types/node@24.2.1": {
      "integrity": "sha512-DRh5K+ka5eJic8CjH7td8QpYEV6Zo10gfRkjHCO3weqZHWDtAaSTFtl4+VMqOJ4N5jcuhZ9/l+yy8rVgw7BQeQ==",
      "dependencies": [
        "undici-types"
      ]
    },
    "esm-compat@0.2.2": {
      "integrity": "sha512-Uj3ShDFQgoEHT1gZFlRdBt6NKmjrsobio5Q20BvSDGy5uUtITN7p9bw9Fs5T5tMSz7AsIKj8F5pWf2SXG9u+kg==",
      "dependencies": [
        "ua-parser-js"
      ]
    },
    "event-lite@0.1.3": {
      "integrity": "sha512-8qz9nOz5VeD2z96elrEKD2U433+L3DWdUdDkOINLGOJvx1GsMBbMn0aCeu28y8/e85A6mCigBiFlYMnTBEGlSw=="
    },
    "fsevents@2.3.3": {
      "integrity": "sha512-5xoDfX+fL7faATnagmWPpbFtwh/R77WmMMqqHGS65C3vvB0YHrgF+B1YmZ3441tMj5n63k0212XNoJwzlhffQw==",
      "os": ["darwin"],
      "scripts": true
    },
    "generic-pool@3.9.0": {
      "integrity": "sha512-hymDOu5B53XvN4QT9dBmZxPX4CWhBPPLguTZ9MMFeFa/Kg0xWVfylOVNlJji/E7yTZWFd/q9GO5TxDLq156D7g=="
    },
    "ieee754@1.2.1": {
      "integrity": "sha512-dcyqhDvX1C46lXZcVqCpK+FtMRQVdIMN6/Df5js2zouUsqG7I6sFxitIC+7KYK29KdXOLHdu9zL4sFnoVQnqaA=="
    },
    "int64-buffer@0.1.10": {
      "integrity": "sha512-v7cSY1J8ydZ0GyjUHqF+1bshJ6cnEVLo9EnjB8p+4HDRPZc9N5jjmvUV7NvEsqQOKyH0pmIBFWXVQbiS0+OBbA=="
    },
    "isarray@1.0.0": {
      "integrity": "sha512-VLghIWNM6ELQzo7zwmcg0NmTVyWKYjvIeM83yjp0wRDTmUnrM678fQbcKBo6n2CJEF0szoG//ytg+TKla89ALQ=="
    },
    "long@5.3.2": {
      "integrity": "sha512-mNAgZ1GmyNhD7AuqnTG3/VQ26o760+ZYBPKjPvugO8+nLbYfX6TVpJPseBvopbdY+qpZ/lKUnmEc1LeZYS3QAA=="
    },
    "msgpack-lite@0.1.26": {
      "integrity": "sha512-SZ2IxeqZ1oRFGo0xFGbvBJWMp3yLIY9rlIJyxy8CGrwZn1f0ZK4r6jV/AM1r0FZMDUkWkglOk/eeKIL9g77Nxw==",
      "dependencies": [
        "event-lite",
        "ieee754",
        "int64-buffer",
        "isarray"
      ],
      "bin": true
    },
    "protobufjs@7.5.4": {
      "integrity": "sha512-CvexbZtbov6jW2eXAvLukXjXUW1TzFaivC46BpWc/3BpcCysb5Vffu+B3XHMm8lVEuy2Mm4XGex8hBSg1yapPg==",
      "dependencies": [
        "@protobufjs/aspromise",
        "@protobufjs/base64",
        "@protobufjs/codegen",
        "@protobufjs/eventemitter",
        "@protobufjs/fetch",
        "@protobufjs/float",
        "@protobufjs/inquire",
        "@protobufjs/path",
        "@protobufjs/pool",
        "@protobufjs/utf8",
        "@types/node@24.2.1",
        "long"
      ],
      "scripts": true
    },
    "rollup@3.29.5": {
      "integrity": "sha512-GVsDdsbJzzy4S/v3dqWPJ7EfvZJfCHiDqe80IyrF59LYuP+e6U1LJoUqeuqRbwAWoMNoXivMNeNAOf5E22VA1w==",
      "optionalDependencies": [
        "fsevents"
      ],
      "bin": true
    },
    "rollup@4.39.0": {
      "integrity": "sha512-thI8kNc02yNvnmJp8dr3fNWJ9tCONDhp6TV35X6HkKGGs9E6q7YWCHbe5vKiTa7TAiNcFEmXKj3X/pG2b3ci0g==",
      "dependencies": [
        "@types/estree"
      ],
      "optionalDependencies": [
        "@rollup/rollup-android-arm-eabi",
        "@rollup/rollup-android-arm64",
        "@rollup/rollup-darwin-arm64",
        "@rollup/rollup-darwin-x64",
        "@rollup/rollup-freebsd-arm64",
        "@rollup/rollup-freebsd-x64",
        "@rollup/rollup-linux-arm-gnueabihf",
        "@rollup/rollup-linux-arm-musleabihf",
        "@rollup/rollup-linux-arm64-gnu",
        "@rollup/rollup-linux-arm64-musl",
        "@rollup/rollup-linux-loongarch64-gnu",
        "@rollup/rollup-linux-powerpc64le-gnu",
        "@rollup/rollup-linux-riscv64-gnu",
        "@rollup/rollup-linux-riscv64-musl",
        "@rollup/rollup-linux-s390x-gnu",
        "@rollup/rollup-linux-x64-gnu",
        "@rollup/rollup-linux-x64-musl",
        "@rollup/rollup-win32-arm64-msvc",
        "@rollup/rollup-win32-ia32-msvc",
        "@rollup/rollup-win32-x64-msvc",
        "fsevents"
      ],
      "bin": true
    },
    "sorted-array-functions@1.3.0": {
      "integrity": "sha512-2sqgzeFlid6N4Z2fUQ1cvFmTOLRi/sEDzSQ0OKYchqgoPmQBVyM3959qYx3fpS6Esef80KjmpgPeEr028dP3OA=="
    },
    "ua-parser-js@1.0.41": {
      "integrity": "sha512-LbBDqdIC5s8iROCUjMbW1f5dJQTEFB1+KO9ogbvlb3nm9n4YHa5p4KTvFPWvh2Hs8gZMBuiB1/8+pdfe/tDPug==",
      "bin": true
    },
    "undici-types@7.10.0": {
      "integrity": "sha512-t5Fy/nfn+14LuOc2KNYg75vZqClpAiqscVvMygNnlsHBFpSXdJaYtXMcdNLpl/Qvc3P2cB3s6lOV51nqsFq4ag=="
    }
  },
  "remote": {
    "https://deno.land/std@0.224.0/assert/assert.ts": "09d30564c09de846855b7b071e62b5974b001bb72a4b797958fe0660e7849834",
    "https://deno.land/std@0.224.0/assert/assertion_error.ts": "ba8752bd27ebc51f723702fac2f54d3e94447598f54264a6653d6413738a8917",
    "https://deno.land/std@0.224.0/async/delay.ts": "f90dd685b97c2f142b8069082993e437b1602b8e2561134827eeb7c12b95c499",
    "https://deno.land/std@0.224.0/bytes/concat.ts": "86161274b5546a02bdb3154652418efe7af8c9310e8d54107a68aaa148e0f5ed",
    "https://deno.land/std@0.224.0/bytes/copy.ts": "08d85062240a7223e6ec4e2af193ad1a50c59a43f0d86ac3a7b16f3e0d77c028",
    "https://deno.land/std@0.224.0/io/buf_reader.ts": "aa6d589e567c964c8ba1f582648f3feac45e88ab2e3d2cc2c9f84fd73c05d051",
    "https://deno.land/std@0.224.0/io/buf_writer.ts": "3fab3fbeae7a6ed1672207b640b6781a2369890878f8a7bb35f95d364dd6dae6",
    "https://deno.land/std@0.224.0/io/types.ts": "acecb3074c730b5ff487ba4fe9ce51e67bd982aa07c95e5f5679b7b2f24ad129",
    "https://deno.land/x/redis@v0.32.4/backoff.ts": "33e4a6e245f8743fbae0ce583993a671a3ac2ecee433a3e7f0bd77b5dd541d84",
    "https://deno.land/x/redis@v0.32.4/command.ts": "aa2312d4093ec7c72d61d32a71d3d13a33cc6302ca78c8f026e1994e76541e6e",
    "https://deno.land/x/redis@v0.32.4/connection.ts": "393f1960f7ea2569ef5542c1dd7b54d5549487cf21443778553005f762bad879",
    "https://deno.land/x/redis@v0.32.4/errors.ts": "4c47b278c8a87e0f49c0f7a96c74c5bee09e4d5ea19f892923b0281707112d04",
    "https://deno.land/x/redis@v0.32.4/executor.ts": "5ac4c1f7bec44d12ebc0f3702bf074bd3ba6c1aae74953582f6358d2948718e7",
    "https://deno.land/x/redis@v0.32.4/internal/encoding.ts": "0525f7f444a96b92cd36423abdfe221f8d8de4a018dc5cb6750a428a5fc897c2",
    "https://deno.land/x/redis@v0.32.4/internal/symbols.ts": "e36097bab1da1c9fe84a3bb9cb0ed1ec10c3dc7dd0b557769c5c54e15d110dd2",
    "https://deno.land/x/redis@v0.32.4/mod.ts": "a2a2318e67db704c799a13cc840114b9f344a82cf682c933a293e90b1a02b3fa",
    "https://deno.land/x/redis@v0.32.4/pipeline.ts": "f0ec80f58a88e9b9b157155882c2bb3568890e6b4d67ad99760a6fc2c51b47ba",
    "https://deno.land/x/redis@v0.32.4/protocol/deno_streams/command.ts": "8e1e84f6d94637d8814abfac91de0916e97c6ea7d2ccab9ea9e3c9f2de283602",
    "https://deno.land/x/redis@v0.32.4/protocol/deno_streams/mod.ts": "346d473bd4e834e397ca25bbbf1021f44e577adda8d6391a41bd03b7bc8c72f4",
    "https://deno.land/x/redis@v0.32.4/protocol/deno_streams/reply.ts": "2707e9fe18608c1a9a49b4f0094397c7400141b8208170c7bcb128ceb5ddd790",
    "https://deno.land/x/redis@v0.32.4/protocol/shared/command.ts": "71639adc162dac95fa41d701a7112bcd5d5cf3fd22c1307c8840f983628540be",
    "https://deno.land/x/redis@v0.32.4/protocol/shared/protocol.ts": "5b9284ee28ec74dfc723c7c7f07dca8d5f9d303414f36689503622dfdde12551",
    "https://deno.land/x/redis@v0.32.4/protocol/shared/reply.ts": "3311ff66357bacbd60785cb43b97539c341d8a7d963bc5e80cb864ac81909ea5",
    "https://deno.land/x/redis@v0.32.4/protocol/shared/types.ts": "3d1ff5983abc1e4e56c751aaf4672042c87334cd004ce2fc0493575432151e1f",
    "https://deno.land/x/redis@v0.32.4/pubsub.ts": "a36892455b0a4a50af169332a165b0985cc90d84486087f036e507e3137b2afb",
    "https://deno.land/x/redis@v0.32.4/redis.ts": "88e72636c0c8653bd162c3127df696bab3334d0e476e184968f172121e1e4b48",
    "https://deno.land/x/redis@v0.32.4/stream.ts": "d43076815d046eb8428fcd2799544a9fd07b3480099f5fc67d2ba12fdc73725f",
    "https://deno.land/x/redis@v0.32.4/vendor/https/deno.land/std/async/delay.ts": "fe34af2a0f5fe1e45de50cdffb4dea2136cfcc34e3d9987531257fc4cd6eb157",
    "https://deno.land/x/redis@v0.32.4/vendor/https/deno.land/std/bytes/concat.ts": "095fe22eb3c52354b4d276be54e9326c751d70a5f8a8d072e5d761cb6f2cc092",
    "https://deno.land/x/redis@v0.32.4/vendor/https/deno.land/std/io/buf_reader.ts": "1f69be7812696545786985c22301d992c3f3ff10c551697a33894509156c1647",
    "https://deno.land/x/redis@v0.32.4/vendor/https/deno.land/std/io/buf_writer.ts": "6825a21ef8eeca1a1d30e29f6278d512c47eeac7086fbe9a93d0618acbd3f47b"
  },
  "workspace": {
    "dependencies": [
      "jsr:@esroyo/deno-simple-fetch@0.1.3",
      "jsr:@esroyo/generic-pool@3.10.4",
      "jsr:@esroyo/otel-batch-traced-span-processor@2.0.0",
      "jsr:@esroyo/otel-server-timing-span-exporter@3.0.0",
      "jsr:@esroyo/web-cache-api-persistence@0.3.1",
      "jsr:@std/assert@1.0.6",
      "jsr:@std/cache@0.1.3",
      "jsr:@std/dotenv@0.225.2",
      "jsr:@std/http@1.0.7",
      "jsr:@std/path@1.0.6",
      "jsr:@std/testing@1.0.3",
      "jsr:@std/url@0.225.1",
      "npm:@opentelemetry/api@1.9.0",
      "npm:@opentelemetry/context-async-hooks@1.30.1",
      "npm:@opentelemetry/core@1.30.1",
      "npm:@opentelemetry/exporter-metrics-otlp-http@0.57.2",
      "npm:@opentelemetry/exporter-trace-otlp-http@0.57.2",
      "npm:@opentelemetry/resources@1.30.1",
      "npm:@opentelemetry/sdk-metrics@1.30.1",
      "npm:@opentelemetry/sdk-trace-base@1.30.1",
      "npm:@opentelemetry/semantic-conventions@1.30.0",
      "npm:esm-compat@0.2.2",
      "npm:rollup@3.29.5"
    ]
  }
}
