{
  "version": "3",
  "packages": {
    "specifiers": {
      "npm:@rollup/plugin-virtual@3.0.2": "npm:@rollup/plugin-virtual@3.0.2_rollup@4.9.6",
      "npm:@rollup/rollup-linux-x64-gnu@4.9.6": "npm:@rollup/rollup-linux-x64-gnu@4.9.6",
      "npm:esm-compat@0.0.2": "npm:esm-compat@0.0.2",
      "npm:request@2.88.2": "npm:request@2.88.2",
      "npm:rollup@3.29.4": "npm:rollup@3.29.4",
      "npm:rollup@4.9.6": "npm:rollup@4.9.6"
    },
    "npm": {
      "@rollup/plugin-virtual@3.0.2_rollup@4.9.6": {
        "integrity": "sha512-10monEYsBp3scM4/ND4LNH5Rxvh3e/cVeL3jWTgZ2SrQ+BmUoQcopVQvnaMcOnykb1VkxUFuDAN+0FnpTFRy2A==",
        "dependencies": {
          "rollup": "rollup@4.9.6"
        }
      },
      "@rollup/rollup-android-arm-eabi@4.9.6": {
        "integrity": "sha512-MVNXSSYN6QXOulbHpLMKYi60ppyO13W9my1qogeiAqtjb2yR4LSmfU2+POvDkLzhjYLXz9Rf9+9a3zFHW1Lecg==",
        "dependencies": {}
      },
      "@rollup/rollup-android-arm64@4.9.6": {
        "integrity": "sha512-T14aNLpqJ5wzKNf5jEDpv5zgyIqcpn1MlwCrUXLrwoADr2RkWA0vOWP4XxbO9aiO3dvMCQICZdKeDrFl7UMClw==",
        "dependencies": {}
      },
      "@rollup/rollup-darwin-arm64@4.9.6": {
        "integrity": "sha512-CqNNAyhRkTbo8VVZ5R85X73H3R5NX9ONnKbXuHisGWC0qRbTTxnF1U4V9NafzJbgGM0sHZpdO83pLPzq8uOZFw==",
        "dependencies": {}
      },
      "@rollup/rollup-darwin-x64@4.9.6": {
        "integrity": "sha512-zRDtdJuRvA1dc9Mp6BWYqAsU5oeLixdfUvkTHuiYOHwqYuQ4YgSmi6+/lPvSsqc/I0Omw3DdICx4Tfacdzmhog==",
        "dependencies": {}
      },
      "@rollup/rollup-linux-arm-gnueabihf@4.9.6": {
        "integrity": "sha512-oNk8YXDDnNyG4qlNb6is1ojTOGL/tRhbbKeE/YuccItzerEZT68Z9gHrY3ROh7axDc974+zYAPxK5SH0j/G+QQ==",
        "dependencies": {}
      },
      "@rollup/rollup-linux-arm64-gnu@4.9.6": {
        "integrity": "sha512-Z3O60yxPtuCYobrtzjo0wlmvDdx2qZfeAWTyfOjEDqd08kthDKexLpV97KfAeUXPosENKd8uyJMRDfFMxcYkDQ==",
        "dependencies": {}
      },
      "@rollup/rollup-linux-arm64-musl@4.9.6": {
        "integrity": "sha512-gpiG0qQJNdYEVad+1iAsGAbgAnZ8j07FapmnIAQgODKcOTjLEWM9sRb+MbQyVsYCnA0Im6M6QIq6ax7liws6eQ==",
        "dependencies": {}
      },
      "@rollup/rollup-linux-riscv64-gnu@4.9.6": {
        "integrity": "sha512-+uCOcvVmFUYvVDr27aiyun9WgZk0tXe7ThuzoUTAukZJOwS5MrGbmSlNOhx1j80GdpqbOty05XqSl5w4dQvcOA==",
        "dependencies": {}
      },
      "@rollup/rollup-linux-x64-gnu@4.9.6": {
        "integrity": "sha512-HUNqM32dGzfBKuaDUBqFB7tP6VMN74eLZ33Q9Y1TBqRDn+qDonkAUyKWwF9BR9unV7QUzffLnz9GrnKvMqC/fw==",
        "dependencies": {}
      },
      "@rollup/rollup-linux-x64-musl@4.9.6": {
        "integrity": "sha512-ch7M+9Tr5R4FK40FHQk8VnML0Szi2KRujUgHXd/HjuH9ifH72GUmw6lStZBo3c3GB82vHa0ZoUfjfcM7JiiMrQ==",
        "dependencies": {}
      },
      "@rollup/rollup-win32-arm64-msvc@4.9.6": {
        "integrity": "sha512-VD6qnR99dhmTQ1mJhIzXsRcTBvTjbfbGGwKAHcu+52cVl15AC/kplkhxzW/uT0Xl62Y/meBKDZvoJSJN+vTeGA==",
        "dependencies": {}
      },
      "@rollup/rollup-win32-ia32-msvc@4.9.6": {
        "integrity": "sha512-J9AFDq/xiRI58eR2NIDfyVmTYGyIZmRcvcAoJ48oDld/NTR8wyiPUu2X/v1navJ+N/FGg68LEbX3Ejd6l8B7MQ==",
        "dependencies": {}
      },
      "@rollup/rollup-win32-x64-msvc@4.9.6": {
        "integrity": "sha512-jqzNLhNDvIZOrt69Ce4UjGRpXJBzhUBzawMwnaDAwyHriki3XollsewxWzOzz+4yOFDkuJHtTsZFwMxhYJWmLQ==",
        "dependencies": {}
      },
      "@types/estree@1.0.5": {
        "integrity": "sha512-/kYRxGDLWzHOB7q+wtSUQlFrtcdUccpfy+X+9iMBpHK8QLLhx2wIPYuS5DYtR9Wa/YlZAbIovy7qVdB1Aq6Lyw==",
        "dependencies": {}
      },
      "ajv@6.12.6": {
        "integrity": "sha512-j3fVLgvTo527anyYyJOGTYJbG+vnnQYvE0m5mmkc1TK+nxAppkCLMIL0aZ4dblVCNoGShhm+kzE4ZUykBoMg4g==",
        "dependencies": {
          "fast-deep-equal": "fast-deep-equal@3.1.3",
          "fast-json-stable-stringify": "fast-json-stable-stringify@2.1.0",
          "json-schema-traverse": "json-schema-traverse@0.4.1",
          "uri-js": "uri-js@4.4.1"
        }
      },
      "asn1@0.2.6": {
        "integrity": "sha512-ix/FxPn0MDjeyJ7i/yoHGFt/EX6LyNbxSEhPPXODPL+KB0VPk86UYfL0lMdy+KCnv+fmvIzySwaK5COwqVbWTQ==",
        "dependencies": {
          "safer-buffer": "safer-buffer@2.1.2"
        }
      },
      "assert-plus@1.0.0": {
        "integrity": "sha512-NfJ4UzBCcQGLDlQq7nHxH+tv3kyZ0hHQqF5BO6J7tNJeP5do1llPr8dZ8zHonfhAu0PHAdMkSo+8o0wxg9lZWw==",
        "dependencies": {}
      },
      "asynckit@0.4.0": {
        "integrity": "sha512-Oei9OH4tRh0YqU3GxhX79dM/mwVgvbZJaSNaRk+bshkj0S5cfHcgYakreBjrHwatXKbz+IoIdYLxrKim2MjW0Q==",
        "dependencies": {}
      },
      "aws-sign2@0.7.0": {
        "integrity": "sha512-08kcGqnYf/YmjoRhfxyu+CLxBjUtHLXLXX/vUfx9l2LYzG3c1m61nrpyFUZI6zeS+Li/wWMMidD9KgrqtGq3mA==",
        "dependencies": {}
      },
      "aws4@1.12.0": {
        "integrity": "sha512-NmWvPnx0F1SfrQbYwOi7OeaNGokp9XhzNioJ/CSBs8Qa4vxug81mhJEAVZwxXuBmYB5KDRfMq/F3RR0BIU7sWg==",
        "dependencies": {}
      },
      "bcrypt-pbkdf@1.0.2": {
        "integrity": "sha512-qeFIXtP4MSoi6NLqO12WfqARWWuCKi2Rn/9hJLEmtB5yTNr9DqFWkJRCf2qShWzPeAMRnOgCrq0sg/KLv5ES9w==",
        "dependencies": {
          "tweetnacl": "tweetnacl@0.14.5"
        }
      },
      "caseless@0.12.0": {
        "integrity": "sha512-4tYFyifaFfGacoiObjJegolkwSU4xQNGbVgUiNYVUxbQ2x2lUsFvY4hVgVzGiIe6WLOPqycWXA40l+PWsxthUw==",
        "dependencies": {}
      },
      "combined-stream@1.0.8": {
        "integrity": "sha512-FQN4MRfuJeHf7cBbBMJFXhKSDq+2kAArBlmRBvcvFE5BB1HZKXtSFASDhdlz9zOYwxh8lDdnvmMOe/+5cdoEdg==",
        "dependencies": {
          "delayed-stream": "delayed-stream@1.0.0"
        }
      },
      "core-util-is@1.0.2": {
        "integrity": "sha512-3lqz5YjWTYnW6dlDa5TLaTCcShfar1e40rmcJVwCBJC6mWlFuj0eCHIElmG1g5kyuJ/GD+8Wn4FFCcz4gJPfaQ==",
        "dependencies": {}
      },
      "dashdash@1.14.1": {
        "integrity": "sha512-jRFi8UDGo6j+odZiEpjazZaWqEal3w/basFjQHQEwVtZJGDpxbH1MeYluwCS8Xq5wmLJooDlMgvVarmWfGM44g==",
        "dependencies": {
          "assert-plus": "assert-plus@1.0.0"
        }
      },
      "delayed-stream@1.0.0": {
        "integrity": "sha512-ZySD7Nf91aLB0RxL4KGrKHBXl7Eds1DAmEdcoVawXnLD7SDhpNgtuII2aAkg7a7QS41jxPSZ17p4VdGnMHk3MQ==",
        "dependencies": {}
      },
      "ecc-jsbn@0.1.2": {
        "integrity": "sha512-eh9O+hwRHNbG4BLTjEl3nw044CkGm5X6LoaCf7LPp7UU8Qrt47JYNi6nPX8xjW97TKGKm1ouctg0QSpZe9qrnw==",
        "dependencies": {
          "jsbn": "jsbn@0.1.1",
          "safer-buffer": "safer-buffer@2.1.2"
        }
      },
      "esm-compat@0.0.2": {
        "integrity": "sha512-bhxQnjc8r2V8E3IksGC7MCNTTLVQfXv6F0aYDmvijPoEAhJ53sAA/R/wktA9buMNgxfEo1aRKCSRrM0L62Hc1w==",
        "dependencies": {}
      },
      "extend@3.0.2": {
        "integrity": "sha512-fjquC59cD7CyW6urNXK0FBufkZcoiGG80wTuPujX590cB5Ttln20E2UB4S/WARVqhXffZl2LNgS+gQdPIIim/g==",
        "dependencies": {}
      },
      "extsprintf@1.3.0": {
        "integrity": "sha512-11Ndz7Nv+mvAC1j0ktTa7fAb0vLyGGX+rMHNBYQviQDGU0Hw7lhctJANqbPhu9nV9/izT/IntTgZ7Im/9LJs9g==",
        "dependencies": {}
      },
      "fast-deep-equal@3.1.3": {
        "integrity": "sha512-f3qQ9oQy9j2AhBe/H9VC91wLmKBCCU/gDOnKNAYG5hswO7BLKj09Hc5HYNz9cGI++xlpDCIgDaitVs03ATR84Q==",
        "dependencies": {}
      },
      "fast-json-stable-stringify@2.1.0": {
        "integrity": "sha512-lhd/wF+Lk98HZoTCtlVraHtfh5XYijIjalXck7saUtuanSDyLMxnHhSXEDJqHxD7msR8D0uCmqlkwjCV8xvwHw==",
        "dependencies": {}
      },
      "forever-agent@0.6.1": {
        "integrity": "sha512-j0KLYPhm6zeac4lz3oJ3o65qvgQCcPubiyotZrXqEaG4hNagNYO8qdlUrX5vwqv9ohqeT/Z3j6+yW067yWWdUw==",
        "dependencies": {}
      },
      "form-data@2.3.3": {
        "integrity": "sha512-1lLKB2Mu3aGP1Q/2eCOx0fNbRMe7XdwktwOruhfqqd0rIJWwN4Dh+E3hrPSlDCXnSR7UtZ1N38rVXm+6+MEhJQ==",
        "dependencies": {
          "asynckit": "asynckit@0.4.0",
          "combined-stream": "combined-stream@1.0.8",
          "mime-types": "mime-types@2.1.35"
        }
      },
      "fsevents@2.3.3": {
        "integrity": "sha512-5xoDfX+fL7faATnagmWPpbFtwh/R77WmMMqqHGS65C3vvB0YHrgF+B1YmZ3441tMj5n63k0212XNoJwzlhffQw==",
        "dependencies": {}
      },
      "getpass@0.1.7": {
        "integrity": "sha512-0fzj9JxOLfJ+XGLhR8ze3unN0KZCgZwiSSDz168VERjK8Wl8kVSdcu2kspd4s4wtAa1y/qrVRiAA0WclVsu0ng==",
        "dependencies": {
          "assert-plus": "assert-plus@1.0.0"
        }
      },
      "har-schema@2.0.0": {
        "integrity": "sha512-Oqluz6zhGX8cyRaTQlFMPw80bSJVG2x/cFb8ZPhUILGgHka9SsokCCOQgpveePerqidZOrT14ipqfJb7ILcW5Q==",
        "dependencies": {}
      },
      "har-validator@5.1.5": {
        "integrity": "sha512-nmT2T0lljbxdQZfspsno9hgrG3Uir6Ks5afism62poxqBM6sDnMEuPmzTq8XN0OEwqKLLdh1jQI3qyE66Nzb3w==",
        "dependencies": {
          "ajv": "ajv@6.12.6",
          "har-schema": "har-schema@2.0.0"
        }
      },
      "http-signature@1.2.0": {
        "integrity": "sha512-CAbnr6Rz4CYQkLYUtSNXxQPUH2gK8f3iWexVlsnMeD+GjlsQ0Xsy1cOX+mN3dtxYomRy21CiOzU8Uhw6OwncEQ==",
        "dependencies": {
          "assert-plus": "assert-plus@1.0.0",
          "jsprim": "jsprim@1.4.2",
          "sshpk": "sshpk@1.18.0"
        }
      },
      "is-typedarray@1.0.0": {
        "integrity": "sha512-cyA56iCMHAh5CdzjJIa4aohJyeO1YbwLi3Jc35MmRU6poroFjIGZzUzupGiRPOjgHg9TLu43xbpwXk523fMxKA==",
        "dependencies": {}
      },
      "isstream@0.1.2": {
        "integrity": "sha512-Yljz7ffyPbrLpLngrMtZ7NduUgVvi6wG9RJ9IUcyCd59YQ911PBJphODUcbOVbqYfxe1wuYf/LJ8PauMRwsM/g==",
        "dependencies": {}
      },
      "jsbn@0.1.1": {
        "integrity": "sha512-UVU9dibq2JcFWxQPA6KCqj5O42VOmAY3zQUfEKxU0KpTGXwNoCjkX1e13eHNvw/xPynt6pU0rZ1htjWTNTSXsg==",
        "dependencies": {}
      },
      "json-schema-traverse@0.4.1": {
        "integrity": "sha512-xbbCH5dCYU5T8LcEhhuh7HJ88HXuW3qsI3Y0zOZFKfZEHcpWiHU/Jxzk629Brsab/mMiHQti9wMP+845RPe3Vg==",
        "dependencies": {}
      },
      "json-schema@0.4.0": {
        "integrity": "sha512-es94M3nTIfsEPisRafak+HDLfHXnKBhV3vU5eqPcS3flIWqcxJWgXHXiey3YrpaNsanY5ei1VoYEbOzijuq9BA==",
        "dependencies": {}
      },
      "json-stringify-safe@5.0.1": {
        "integrity": "sha512-ZClg6AaYvamvYEE82d3Iyd3vSSIjQ+odgjaTzRuO3s7toCdFKczob2i0zCh7JE8kWn17yvAWhUVxvqGwUalsRA==",
        "dependencies": {}
      },
      "jsprim@1.4.2": {
        "integrity": "sha512-P2bSOMAc/ciLz6DzgjVlGJP9+BrJWu5UDGK70C2iweC5QBIeFf0ZXRvGjEj2uYgrY2MkAAhsSWHDWlFtEroZWw==",
        "dependencies": {
          "assert-plus": "assert-plus@1.0.0",
          "extsprintf": "extsprintf@1.3.0",
          "json-schema": "json-schema@0.4.0",
          "verror": "verror@1.10.0"
        }
      },
      "mime-db@1.52.0": {
        "integrity": "sha512-sPU4uV7dYlvtWJxwwxHD0PuihVNiE7TyAbQ5SWxDCB9mUYvOgroQOwYQQOKPJ8CIbE+1ETVlOoK1UC2nU3gYvg==",
        "dependencies": {}
      },
      "mime-types@2.1.35": {
        "integrity": "sha512-ZDY+bPm5zTTF+YpCrAU9nK0UgICYPT0QtT1NZWFv4s++TNkcgVaT0g6+4R2uI4MjQjzysHB1zxuWL50hzaeXiw==",
        "dependencies": {
          "mime-db": "mime-db@1.52.0"
        }
      },
      "oauth-sign@0.9.0": {
        "integrity": "sha512-fexhUFFPTGV8ybAtSIGbV6gOkSv8UtRbDBnAyLQw4QPKkgNlsH2ByPGtMUqdWkos6YCRmAqViwgZrJc/mRDzZQ==",
        "dependencies": {}
      },
      "performance-now@2.1.0": {
        "integrity": "sha512-7EAHlyLHI56VEIdK57uwHdHKIaAGbnXPiw0yWbarQZOKaKpvUIgW0jWRVLiatnM+XXlSwsanIBH/hzGMJulMow==",
        "dependencies": {}
      },
      "psl@1.9.0": {
        "integrity": "sha512-E/ZsdU4HLs/68gYzgGTkMicWTLPdAftJLfJFlLUAAKZGkStNU72sZjT66SnMDVOfOWY/YAoiD7Jxa9iHvngcag==",
        "dependencies": {}
      },
      "punycode@2.3.1": {
        "integrity": "sha512-vYt7UD1U9Wg6138shLtLOvdAu+8DsC/ilFtEVHcH+wydcSpNE20AfSOduf6MkRFahL5FY7X1oU7nKVZFtfq8Fg==",
        "dependencies": {}
      },
      "qs@6.5.3": {
        "integrity": "sha512-qxXIEh4pCGfHICj1mAJQ2/2XVZkjCDTcEgfoSQxc/fYivUZxTkk7L3bDBJSoNrEzXI17oUO5Dp07ktqE5KzczA==",
        "dependencies": {}
      },
      "request@2.88.2": {
        "integrity": "sha512-MsvtOrfG9ZcrOwAW+Qi+F6HbD0CWXEh9ou77uOb7FM2WPhwT7smM833PzanhJLsgXjN89Ir6V2PczXNnMpwKhw==",
        "dependencies": {
          "aws-sign2": "aws-sign2@0.7.0",
          "aws4": "aws4@1.12.0",
          "caseless": "caseless@0.12.0",
          "combined-stream": "combined-stream@1.0.8",
          "extend": "extend@3.0.2",
          "forever-agent": "forever-agent@0.6.1",
          "form-data": "form-data@2.3.3",
          "har-validator": "har-validator@5.1.5",
          "http-signature": "http-signature@1.2.0",
          "is-typedarray": "is-typedarray@1.0.0",
          "isstream": "isstream@0.1.2",
          "json-stringify-safe": "json-stringify-safe@5.0.1",
          "mime-types": "mime-types@2.1.35",
          "oauth-sign": "oauth-sign@0.9.0",
          "performance-now": "performance-now@2.1.0",
          "qs": "qs@6.5.3",
          "safe-buffer": "safe-buffer@5.2.1",
          "tough-cookie": "tough-cookie@2.5.0",
          "tunnel-agent": "tunnel-agent@0.6.0",
          "uuid": "uuid@3.4.0"
        }
      },
      "rollup@3.29.4": {
        "integrity": "sha512-oWzmBZwvYrU0iJHtDmhsm662rC15FRXmcjCk1xD771dFDx5jJ02ufAQQTn0etB2emNk4J9EZg/yWKpsn9BWGRw==",
        "dependencies": {
          "fsevents": "fsevents@2.3.3"
        }
      },
      "rollup@4.9.6": {
        "integrity": "sha512-05lzkCS2uASX0CiLFybYfVkwNbKZG5NFQ6Go0VWyogFTXXbR039UVsegViTntkk4OglHBdF54ccApXRRuXRbsg==",
        "dependencies": {
          "@rollup/rollup-android-arm-eabi": "@rollup/rollup-android-arm-eabi@4.9.6",
          "@rollup/rollup-android-arm64": "@rollup/rollup-android-arm64@4.9.6",
          "@rollup/rollup-darwin-arm64": "@rollup/rollup-darwin-arm64@4.9.6",
          "@rollup/rollup-darwin-x64": "@rollup/rollup-darwin-x64@4.9.6",
          "@rollup/rollup-linux-arm-gnueabihf": "@rollup/rollup-linux-arm-gnueabihf@4.9.6",
          "@rollup/rollup-linux-arm64-gnu": "@rollup/rollup-linux-arm64-gnu@4.9.6",
          "@rollup/rollup-linux-arm64-musl": "@rollup/rollup-linux-arm64-musl@4.9.6",
          "@rollup/rollup-linux-riscv64-gnu": "@rollup/rollup-linux-riscv64-gnu@4.9.6",
          "@rollup/rollup-linux-x64-gnu": "@rollup/rollup-linux-x64-gnu@4.9.6",
          "@rollup/rollup-linux-x64-musl": "@rollup/rollup-linux-x64-musl@4.9.6",
          "@rollup/rollup-win32-arm64-msvc": "@rollup/rollup-win32-arm64-msvc@4.9.6",
          "@rollup/rollup-win32-ia32-msvc": "@rollup/rollup-win32-ia32-msvc@4.9.6",
          "@rollup/rollup-win32-x64-msvc": "@rollup/rollup-win32-x64-msvc@4.9.6",
          "@types/estree": "@types/estree@1.0.5",
          "fsevents": "fsevents@2.3.3"
        }
      },
      "safe-buffer@5.2.1": {
        "integrity": "sha512-rp3So07KcdmmKbGvgaNxQSJr7bGVSVk5S9Eq1F+ppbRo70+YeaDxkw5Dd8NPN+GD6bjnYm2VuPuCXmpuYvmCXQ==",
        "dependencies": {}
      },
      "safer-buffer@2.1.2": {
        "integrity": "sha512-YZo3K82SD7Riyi0E1EQPojLz7kpepnSQI9IyPbHHg1XXXevb5dJI7tpyN2ADxGcQbHG7vcyRHk0cbwqcQriUtg==",
        "dependencies": {}
      },
      "sshpk@1.18.0": {
        "integrity": "sha512-2p2KJZTSqQ/I3+HX42EpYOa2l3f8Erv8MWKsy2I9uf4wA7yFIkXRffYdsx86y6z4vHtV8u7g+pPlr8/4ouAxsQ==",
        "dependencies": {
          "asn1": "asn1@0.2.6",
          "assert-plus": "assert-plus@1.0.0",
          "bcrypt-pbkdf": "bcrypt-pbkdf@1.0.2",
          "dashdash": "dashdash@1.14.1",
          "ecc-jsbn": "ecc-jsbn@0.1.2",
          "getpass": "getpass@0.1.7",
          "jsbn": "jsbn@0.1.1",
          "safer-buffer": "safer-buffer@2.1.2",
          "tweetnacl": "tweetnacl@0.14.5"
        }
      },
      "tough-cookie@2.5.0": {
        "integrity": "sha512-nlLsUzgm1kfLXSXfRZMc1KLAugd4hqJHDTvc2hDIwS3mZAfMEuMbc03SujMF+GEcpaX/qboeycw6iO8JwVv2+g==",
        "dependencies": {
          "psl": "psl@1.9.0",
          "punycode": "punycode@2.3.1"
        }
      },
      "tunnel-agent@0.6.0": {
        "integrity": "sha512-McnNiV1l8RYeY8tBgEpuodCC1mLUdbSN+CYBL7kJsJNInOP8UjDDEwdk6Mw60vdLLrr5NHKZhMAOSrR2NZuQ+w==",
        "dependencies": {
          "safe-buffer": "safe-buffer@5.2.1"
        }
      },
      "tweetnacl@0.14.5": {
        "integrity": "sha512-KXXFFdAbFXY4geFIwoyNK+f5Z1b7swfXABfL7HXCmoIWMKU3dmS26672A4EeQtDzLKy7SXmfBu51JolvEKwtGA==",
        "dependencies": {}
      },
      "uri-js@4.4.1": {
        "integrity": "sha512-7rKUyy33Q1yc98pQ1DAmLtwX109F7TIfWlW1Ydo8Wl1ii1SeHieeh0HHfPeL2fMXK6z0s8ecKs9frCuLJvndBg==",
        "dependencies": {
          "punycode": "punycode@2.3.1"
        }
      },
      "uuid@3.4.0": {
        "integrity": "sha512-HjSDRw6gZE5JMggctHBcjVak08+KEVhSIiDzFnT9S9aegmp85S/bReBVTb4QTFaRNptJ9kuYaNhnbNEOkbKb/A==",
        "dependencies": {}
      },
      "verror@1.10.0": {
        "integrity": "sha512-ZZKSmDAEFOijERBLkmYfJ+vmk3w+7hOLYDNkRCuRuMJGEmqYNCNLyBBFwWKVMhfwaEF3WOd0Zlw86U/WC/+nYw==",
        "dependencies": {
          "assert-plus": "assert-plus@1.0.0",
          "core-util-is": "core-util-is@1.0.2",
          "extsprintf": "extsprintf@1.3.0"
        }
      }
    }
  },
  "redirects": {
    "https://deno.land/std/dotenv/mod.ts": "https://deno.land/std@0.206.0/dotenv/mod.ts",
    "https://deno.land/std/http/mod.ts": "https://deno.land/std@0.206.0/http/mod.ts",
    "https://deno.land/std/testing/asserts.ts": "https://deno.land/std@0.187.0/testing/asserts.ts",
    "https://deno.land/std/testing/mock.ts": "https://deno.land/std@0.187.0/testing/mock.ts"
  },
  "remote": {
    "https://deno.land/std@0.187.0/fmt/colors.ts": "d67e3cd9f472535241a8e410d33423980bec45047e343577554d3356e1f0ef4e",
    "https://deno.land/std@0.187.0/testing/_diff.ts": "1a3c044aedf77647d6cac86b798c6417603361b66b54c53331b312caeb447aea",
    "https://deno.land/std@0.187.0/testing/_format.ts": "a69126e8a469009adf4cf2a50af889aca364c349797e63174884a52ff75cf4c7",
    "https://deno.land/std@0.187.0/testing/asserts.ts": "e16d98b4d73ffc4ed498d717307a12500ae4f2cbe668f1a215632d19fcffc22f",
    "https://deno.land/std@0.187.0/testing/mock.ts": "220ed9b8151cb2cac141043d4cfea7c47673fab5d18d1c1f0943297c8afb5d13",
    "https://deno.land/std@0.203.0/assert/assert.ts": "9a97dad6d98c238938e7540736b826440ad8c1c1e54430ca4c4e623e585607ee",
    "https://deno.land/std@0.203.0/assert/assertion_error.ts": "4d0bde9b374dfbcbe8ac23f54f567b77024fb67dbb1906a852d67fe050d42f56",
    "https://deno.land/std@0.203.0/crypto/timing_safe_equal.ts": "f6edc08d702f660b1ab3505b74d53a9d499e34a1351f6ab70f5ce8653fee8fb7",
    "https://deno.land/std@0.206.0/assert/assert.ts": "9a97dad6d98c238938e7540736b826440ad8c1c1e54430ca4c4e623e585607ee",
    "https://deno.land/std@0.206.0/assert/assertion_error.ts": "4d0bde9b374dfbcbe8ac23f54f567b77024fb67dbb1906a852d67fe050d42f56",
    "https://deno.land/std@0.206.0/async/delay.ts": "a6142eb44cdd856b645086af2b811b1fcce08ec06bb7d50969e6a872ee9b8659",
    "https://deno.land/std@0.206.0/dotenv/mod.ts": "039468f5c87d39b69d7ca6c3d68ebca82f206ec0ff5e011d48205eea292ea5a6",
    "https://deno.land/std@0.206.0/encoding/_util.ts": "f368920189c4fe6592ab2e93bd7ded8f3065b84f95cd3e036a4a10a75649dcba",
    "https://deno.land/std@0.206.0/encoding/base64.ts": "cc03110d6518170aeaa68ec97f89c6d6e2276294b30807e7332591d7ce2e4b72",
    "https://deno.land/std@0.206.0/http/_negotiation/common.ts": "14d1a52427ab258a4b7161cd80e1d8a207b7cc64b46e911780f57ead5f4323c6",
    "https://deno.land/std@0.206.0/http/_negotiation/encoding.ts": "ff747d107277c88cb7a6a62a08eeb8d56dad91564cbcccb30694d5dc126dcc53",
    "https://deno.land/std@0.206.0/http/_negotiation/language.ts": "7bcddd8db3330bdb7ce4fc00a213c5547c1968139864201efd67ef2d0d51887d",
    "https://deno.land/std@0.206.0/http/_negotiation/media_type.ts": "58847517cd549384ad677c0fe89e0a4815be36fe7a303ea63cee5f6a1d7e1692",
    "https://deno.land/std@0.206.0/http/cookie.ts": "c6079019fc15c781c302574f40fa2ac71c26b251e8f74eb236ea43e0424edcd7",
    "https://deno.land/std@0.206.0/http/cookie_map.ts": "52844b0957bd37b0166bf0c57cecadf97914b997b83f4e59cdc1eefab40ea9ed",
    "https://deno.land/std@0.206.0/http/etag.ts": "259abf65316c728660e34a100dcb07a1303c37ab6ca3d4ee068503c18b4358b0",
    "https://deno.land/std@0.206.0/http/http_errors.ts": "15fe1a0125622633ecb2caf8a128e317cbf0d72317cb0903ddfcdbdcd0295b81",
    "https://deno.land/std@0.206.0/http/http_status.ts": "033a8b0f2949eaf8f3b58bb400ff7aa4d1b8d3bff6f3ad252c9afda1845fd23f",
    "https://deno.land/std@0.206.0/http/method.ts": "c3c72c40e11036d43b9c24e184e41a1c44711eb820739a9b6b065ee47299cf02",
    "https://deno.land/std@0.206.0/http/mod.ts": "04fe93b65072d750bc1d2200f29a936531cbeb848fe68995e5cdc84b465b3319",
    "https://deno.land/std@0.206.0/http/negotiation.ts": "46e74a6bad4b857333a58dc5b50fe8e5a4d5267e97292293ea65f980bd918086",
    "https://deno.land/std@0.206.0/http/server.ts": "1aebcfb61a5918b15af128e32adbcea166fa28e02c53d544b41e39d2c6cfa24b",
    "https://deno.land/std@0.206.0/http/server_sent_event.ts": "1820901a3d145f42d17270bc1239d61ab02fe3443efcfca1216ac52f8e032720",
    "https://deno.land/std@0.206.0/http/server_sent_event_stream.ts": "91a62d6c8fde557217f21e9cd759e2d439be8c20c9b699cf73feb5a0e76df338",
    "https://deno.land/std@0.206.0/http/status.ts": "1353e82e27996ef123dc625e5fcc9d66b94d92e5175879fa5e9f0dc39330206a",
    "https://deno.land/std@0.206.0/http/unstable_cookie_map.ts": "b635eb7b87de20ba924ae77aef083d1ee6bca531b85ed518339bf05fb9defc4f",
    "https://deno.land/std@0.206.0/http/unstable_method.ts": "e66c2a015cb46c21ab0bb3589aa4fca43143a506cb324ffdfd42d2edef7bc0c4",
    "https://deno.land/std@0.206.0/http/unstable_server_sent_event.ts": "6f820b9f745abfda67086c41777fb889774f2e3bc855a29f37802364f7a44904",
    "https://deno.land/std@0.206.0/http/user_agent.ts": "35d3c70d0926b0e121b8c1bbc324b3522479158acaa4f0c43928362b7bf4e6f4",
    "https://deno.land/x/kv_toolbox@0.6.1/batchedAtomic.ts": "8ad30a8a942d77ff5f016693ecfc244e7b67ad36083928267276d9929e60fb5a",
    "https://deno.land/x/kv_toolbox@0.6.1/blob.ts": "57673771a531590d8fd6b02f84382744f08360db6bc53b2872e95cf5e60b6363",
    "https://deno.land/x/kv_toolbox@0.6.1/keys.ts": "8765d6e47629f329f3fa899b8e226ecada3943a04f33d5648ec3ec003edf14d7",
    "https://deno.land/x/scoped_performance@v2.0.0/mod.ts": "c874aa244e9b2c585759d716b86735bd78fbd82e0e0b94df0a3f5856bbcacb73",
    "https://deno.land/x/scoped_performance@v2.0.0/src/scoped-performance.ts": "c0194251ff4a758bf9af29edef64d00926b14e8e51f6a279a83e005428c21eb3"
  }
}
